
Microsoft Visual Studio Solution File, Format Version 12.00
# Visual Studio Version 17
VisualStudioVersion = 17.12.35521.163 d17.12
MinimumVisualStudioVersion = 10.0.40219.1
Project("{FAE04EC0-301F-11D3-BF4B-00C04F79EFBC}") = "DAL", "DAL\DAL.csproj", "{BD9E9E6E-A9EB-4017-82B1-A1D1F5E7E11D}"
EndProject
Project("{FAE04EC0-301F-11D3-BF4B-00C04F79EFBC}") = "BUS", "BUS\BUS.csproj", "{F7CE1595-0296-4B5A-888E-AF978C06E183}"
EndProject
Project("{FAE04EC0-301F-11D3-BF4B-00C04F79EFBC}") = "API", "API\API.csproj", "{39D82FB8-C332-490F-96AF-E69F808F7323}"
EndProject
Project("{FAE04EC0-301F-11D3-BF4B-00C04F79EFBC}") = "PL", "PL\PL.csproj", "{3D468FAE-A7D6-43AE-982C-84D6690FF2B0}"
EndProject
Global
	GlobalSection(SolutionConfigurationPlatforms) = preSolution
		Debug|Any CPU = Debug|Any CPU
		Release|Any CPU = Release|Any CPU
	EndGlobalSection
	GlobalSection(ProjectConfigurationPlatforms) = postSolution
		{BD9E9E6E-A9EB-4017-82B1-A1D1F5E7E11D}.Debug|Any CPU.ActiveCfg = Debug|Any CPU
		{BD9E9E6E-A9EB-4017-82B1-A1D1F5E7E11D}.Debug|Any CPU.Build.0 = Debug|Any CPU
		{BD9E9E6E-A9EB-4017-82B1-A1D1F5E7E11D}.Release|Any CPU.ActiveCfg = Release|Any CPU
		{BD9E9E6E-A9EB-4017-82B1-A1D1F5E7E11D}.Release|Any CPU.Build.0 = Release|Any CPU
		{F7CE1595-0296-4B5A-888E-AF978C06E183}.Debug|Any CPU.ActiveCfg = Debug|Any CPU
		{F7CE1595-0296-4B5A-888E-AF978C06E183}.Debug|Any CPU.Build.0 = Debug|Any CPU
		{F7CE1595-0296-4B5A-888E-AF978C06E183}.Release|Any CPU.ActiveCfg = Release|Any CPU
		{F7CE1595-0296-4B5A-888E-AF978C06E183}.Release|Any CPU.Build.0 = Release|Any CPU
		{39D82FB8-C332-490F-96AF-E69F808F7323}.Debug|Any CPU.ActiveCfg = Debug|Any CPU
		{39D82FB8-C332-490F-96AF-E69F808F7323}.Debug|Any CPU.Build.0 = Debug|Any CPU
		{39D82FB8-C332-490F-96AF-E69F808F7323}.Release|Any CPU.ActiveCfg = Release|Any CPU
		{39D82FB8-C332-490F-96AF-E69F808F7323}.Release|Any CPU.Build.0 = Release|Any CPU
		{3D468FAE-A7D6-43AE-982C-84D6690FF2B0}.Debug|Any CPU.ActiveCfg = Debug|Any CPU
		{3D468FAE-A7D6-43AE-982C-84D6690FF2B0}.Debug|Any CPU.Build.0 = Debug|Any CPU
		{3D468FAE-A7D6-43AE-982C-84D6690FF2B0}.Release|Any CPU.ActiveCfg = Release|Any CPU
		{3D468FAE-A7D6-43AE-982C-84D6690FF2B0}.Release|Any CPU.Build.0 = Release|Any CPU
	EndGlobalSection
	GlobalSection(SolutionProperties) = preSolution
		HideSolutionNode = FALSE
	EndGlobalSection
EndGlobal
